
Microsoft Visual Studio Solution File, Format Version 12.00
# Visual Studio Version 16
VisualStudioVersion = 16.0.29409.12
MinimumVisualStudioVersion = 10.0.40219.1
Project("{FAE04EC0-301F-11D3-BF4B-00C04F79EFBC}") = "CustomerInvoice", "CustomerInvoice\CustomerInvoice.csproj", "{E820CFA9-FC71-4C3B-9A0C-60164324AE4E}"
EndProject
Project("{FAE04EC0-301F-11D3-BF4B-00C04F79EFBC}") = "CustomerInvoice.Common", "CustomerInvoice.Common\CustomerInvoice.Common.csproj", "{866E4631-37D1-4B04-9E86-B2A479EF1C39}"
EndProject
Project("{FAE04EC0-301F-11D3-BF4B-00C04F79EFBC}") = "CustomerInvoice.Data", "CustomerInvoice.Data\CustomerInvoice.Data.csproj", "{E23A340D-DFBE-49D0-874D-62737C94288A}"
EndProject
Project("{54435603-DBB4-11D2-8724-00A0C9A8B90C}") = "Setup", "Setup\Setup.vdproj", "{79BE12B2-691C-4E85-95AB-0F7799AD13F1}"
EndProject
Project("{FAE04EC0-301F-11D3-BF4B-00C04F79EFBC}") = "InvoiceAdmin", "InvoiceAdmin\InvoiceAdmin.csproj", "{1C7E5386-0E8F-4F34-B5F5-D0F0820D2164}"
EndProject
Global
	GlobalSection(SolutionConfigurationPlatforms) = preSolution
		Debug|Any CPU = Debug|Any CPU
		Release|Any CPU = Release|Any CPU
	EndGlobalSection
	GlobalSection(ProjectConfigurationPlatforms) = postSolution
		{E820CFA9-FC71-4C3B-9A0C-60164324AE4E}.Debug|Any CPU.ActiveCfg = Debug|Any CPU
		{E820CFA9-FC71-4C3B-9A0C-60164324AE4E}.Debug|Any CPU.Build.0 = Debug|Any CPU
		{E820CFA9-FC71-4C3B-9A0C-60164324AE4E}.Release|Any CPU.ActiveCfg = Release|Any CPU
		{E820CFA9-FC71-4C3B-9A0C-60164324AE4E}.Release|Any CPU.Build.0 = Release|Any CPU
		{866E4631-37D1-4B04-9E86-B2A479EF1C39}.Debug|Any CPU.ActiveCfg = Debug|Any CPU
		{866E4631-37D1-4B04-9E86-B2A479EF1C39}.Debug|Any CPU.Build.0 = Debug|Any CPU
		{866E4631-37D1-4B04-9E86-B2A479EF1C39}.Release|Any CPU.ActiveCfg = Release|Any CPU
		{866E4631-37D1-4B04-9E86-B2A479EF1C39}.Release|Any CPU.Build.0 = Release|Any CPU
		{E23A340D-DFBE-49D0-874D-62737C94288A}.Debug|Any CPU.ActiveCfg = Debug|Any CPU
		{E23A340D-DFBE-49D0-874D-62737C94288A}.Debug|Any CPU.Build.0 = Debug|Any CPU
		{E23A340D-DFBE-49D0-874D-62737C94288A}.Release|Any CPU.ActiveCfg = Release|Any CPU
		{E23A340D-DFBE-49D0-874D-62737C94288A}.Release|Any CPU.Build.0 = Release|Any CPU
		{79BE12B2-691C-4E85-95AB-0F7799AD13F1}.Debug|Any CPU.ActiveCfg = Debug
		{79BE12B2-691C-4E85-95AB-0F7799AD13F1}.Debug|Any CPU.Build.0 = Debug
		{79BE12B2-691C-4E85-95AB-0F7799AD13F1}.Release|Any CPU.ActiveCfg = Release
		{1C7E5386-0E8F-4F34-B5F5-D0F0820D2164}.Debug|Any CPU.ActiveCfg = Debug|Any CPU
		{1C7E5386-0E8F-4F34-B5F5-D0F0820D2164}.Debug|Any CPU.Build.0 = Debug|Any CPU
		{1C7E5386-0E8F-4F34-B5F5-D0F0820D2164}.Release|Any CPU.ActiveCfg = Release|Any CPU
		{1C7E5386-0E8F-4F34-B5F5-D0F0820D2164}.Release|Any CPU.Build.0 = Release|Any CPU
	EndGlobalSection
	GlobalSection(SolutionProperties) = preSolution
		HideSolutionNode = FALSE
	EndGlobalSection
	GlobalSection(ExtensibilityGlobals) = postSolution
		SolutionGuid = {4824FEFC-E08C-413B-A7FC-818D4A45AF1A}
	EndGlobalSection
EndGlobal
